
Microsoft Visual Studio Solution File, Format Version 12.00
# Visual Studio Version 17
VisualStudioVersion = 17.14.36301.6 d17.14
MinimumVisualStudioVersion = 10.0.40219.1
Project("{FAE04EC0-301F-11D3-BF4B-00C04F79EFBC}") = "nizamla.API", "nizamla.API\nizamla.API.csproj", "{EA7FC9FF-C47A-42D7-B445-937F17E87F6D}"
EndProject
Project("{FAE04EC0-301F-11D3-BF4B-00C04F79EFBC}") = "nizamla.Core", "Nizamla.Core\nizamla.Core.csproj", "{89203742-0EB4-49AF-A43B-654CF5C1A684}"
EndProject
Project("{FAE04EC0-301F-11D3-BF4B-00C04F79EFBC}") = "nizamla.Infrastructure", "nizamla.Infrastructure\nizamla.Infrastructure.csproj", "{BB1C35AA-5324-4CB5-8C89-AC9301486922}"
EndProject
Project("{FAE04EC0-301F-11D3-BF4B-00C04F79EFBC}") = "nizamla.Application", "nizamla.Application\nizamla.Application.csproj", "{E962AC1E-E050-4E94-BAEC-15374EF36705}"
EndProject
Global
	GlobalSection(SolutionConfigurationPlatforms) = preSolution
		Debug|Any CPU = Debug|Any CPU
		Release|Any CPU = Release|Any CPU
	EndGlobalSection
	GlobalSection(ProjectConfigurationPlatforms) = postSolution
		{EA7FC9FF-C47A-42D7-B445-937F17E87F6D}.Debug|Any CPU.ActiveCfg = Debug|Any CPU
		{EA7FC9FF-C47A-42D7-B445-937F17E87F6D}.Debug|Any CPU.Build.0 = Debug|Any CPU
		{EA7FC9FF-C47A-42D7-B445-937F17E87F6D}.Release|Any CPU.ActiveCfg = Release|Any CPU
		{EA7FC9FF-C47A-42D7-B445-937F17E87F6D}.Release|Any CPU.Build.0 = Release|Any CPU
		{89203742-0EB4-49AF-A43B-654CF5C1A684}.Debug|Any CPU.ActiveCfg = Debug|Any CPU
		{89203742-0EB4-49AF-A43B-654CF5C1A684}.Debug|Any CPU.Build.0 = Debug|Any CPU
		{89203742-0EB4-49AF-A43B-654CF5C1A684}.Release|Any CPU.ActiveCfg = Release|Any CPU
		{89203742-0EB4-49AF-A43B-654CF5C1A684}.Release|Any CPU.Build.0 = Release|Any CPU
		{BB1C35AA-5324-4CB5-8C89-AC9301486922}.Debug|Any CPU.ActiveCfg = Debug|Any CPU
		{BB1C35AA-5324-4CB5-8C89-AC9301486922}.Debug|Any CPU.Build.0 = Debug|Any CPU
		{BB1C35AA-5324-4CB5-8C89-AC9301486922}.Release|Any CPU.ActiveCfg = Release|Any CPU
		{BB1C35AA-5324-4CB5-8C89-AC9301486922}.Release|Any CPU.Build.0 = Release|Any CPU
		{E962AC1E-E050-4E94-BAEC-15374EF36705}.Debug|Any CPU.ActiveCfg = Debug|Any CPU
		{E962AC1E-E050-4E94-BAEC-15374EF36705}.Debug|Any CPU.Build.0 = Debug|Any CPU
		{E962AC1E-E050-4E94-BAEC-15374EF36705}.Release|Any CPU.ActiveCfg = Release|Any CPU
		{E962AC1E-E050-4E94-BAEC-15374EF36705}.Release|Any CPU.Build.0 = Release|Any CPU
	EndGlobalSection
	GlobalSection(SolutionProperties) = preSolution
		HideSolutionNode = FALSE
	EndGlobalSection
	GlobalSection(ExtensibilityGlobals) = postSolution
		SolutionGuid = {6D0B2D64-D07B-41DB-833A-65876E411F42}
	EndGlobalSection
EndGlobal
